
Microsoft Visual Studio Solution File, Format Version 12.00
Project("{FAE04EC0-301F-11D3-BF4B-00C04F79EFBC}") = "Assignment04", "Assignment04\Assignment04.csproj", "{D982EF92-A7EF-4535-9BE6-A374414A38B7}"
EndProject
Global
	GlobalSection(SolutionConfigurationPlatforms) = preSolution
		Debug|Any CPU = Debug|Any CPU
		Release|Any CPU = Release|Any CPU
	EndGlobalSection
	GlobalSection(ProjectConfigurationPlatforms) = postSolution
		{D982EF92-A7EF-4535-9BE6-A374414A38B7}.Debug|Any CPU.ActiveCfg = Debug|Any CPU
		{D982EF92-A7EF-4535-9BE6-A374414A38B7}.Debug|Any CPU.Build.0 = Debug|Any CPU
		{D982EF92-A7EF-4535-9BE6-A374414A38B7}.Release|Any CPU.ActiveCfg = Release|Any CPU
		{D982EF92-A7EF-4535-9BE6-A374414A38B7}.Release|Any CPU.Build.0 = Release|Any CPU
	EndGlobalSection
EndGlobal
